
Microsoft Visual Studio Solution File, Format Version 12.00
# Visual Studio Version 17
VisualStudioVersion = 17.0.31903.59
MinimumVisualStudioVersion = 10.0.40219.1
Project("{2150E333-8FDC-42A3-9474-1A3956D46DE8}") = "Services", "Services", "{0ECEDC68-896E-4019-8D94-84E06687B3CF}"
EndProject
Project("{2150E333-8FDC-42A3-9474-1A3956D46DE8}") = "Catalog", "Catalog", "{27764907-E07D-4FA9-86E9-E8D9687A032A}"
EndProject
Project("{9A19103F-16F7-4668-BE54-9A1E7A4F7556}") = "e_Ticaret.Catalog", "Services\Catalog\e_Ticaret.Catalog\e_Ticaret.Catalog.csproj", "{70D7D151-8532-4956-8C55-5CC6D348A3BB}"
EndProject
Project("{2150E333-8FDC-42A3-9474-1A3956D46DE8}") = "Discount", "Discount", "{2F261C46-7DD1-4A2F-9C5A-6BD81F2C0F6F}"
EndProject
Project("{9A19103F-16F7-4668-BE54-9A1E7A4F7556}") = "e_Ticaret.Discount", "Services\Discount\e_Ticaret.Discount\e_Ticaret.Discount.csproj", "{A53B98B2-9949-48D9-8244-EC372A8EB494}"
EndProject
Project("{2150E333-8FDC-42A3-9474-1A3956D46DE8}") = "Order", "Order", "{B3345583-4AC2-40C9-BA27-1D995F6134A4}"
EndProject
Project("{2150E333-8FDC-42A3-9474-1A3956D46DE8}") = "Core", "Core", "{1ECBA2C4-8527-4E21-B4CD-9725E5E95EDE}"
EndProject
Project("{2150E333-8FDC-42A3-9474-1A3956D46DE8}") = "Infrastructure", "Infrastructure", "{EDFDA004-65C3-4A2D-892F-D4351BFD128F}"
EndProject
Project("{2150E333-8FDC-42A3-9474-1A3956D46DE8}") = "Presentation", "Presentation", "{9404E55E-FDA1-4EF1-A357-1EFB47C7B59A}"
EndProject
Project("{9A19103F-16F7-4668-BE54-9A1E7A4F7556}") = "e_Ticaret.Order.Domain", "Services\Order\Core\e_Ticaret.Order.Domain\e_Ticaret.Order.Domain.csproj", "{EFC2ADF6-9550-45AE-B560-BA5AD791FFC8}"
EndProject
Project("{9A19103F-16F7-4668-BE54-9A1E7A4F7556}") = "e_Ticaret.Order.Application", "Services\Order\Core\e_Ticaret.Order.Application\e_Ticaret.Order.Application.csproj", "{0B4B26FC-9440-4555-AC7F-269F3FF87D06}"
EndProject
Project("{9A19103F-16F7-4668-BE54-9A1E7A4F7556}") = "e_Ticaret.Order.Persistence", "Services\Order\Infrastructure\e_Ticaret.Order.Persistence\e_Ticaret.Order.Persistence.csproj", "{60F18237-DA62-4BA4-9B3A-4E31E81E1972}"
EndProject
Project("{9A19103F-16F7-4668-BE54-9A1E7A4F7556}") = "e_Ticaret.Order.WebApi", "Services\Order\Presentation\e_Ticaret.Order.WebApi\e_Ticaret.Order.WebApi.csproj", "{FD3068E4-8368-4F21-A2DF-150A3C587DBB}"
EndProject
Project("{2150E333-8FDC-42A3-9474-1A3956D46DE8}") = "IdentityServer", "IdentityServer", "{52DD9F6D-5D36-428A-9B5F-15F0B21F20E1}"
EndProject
Project("{9A19103F-16F7-4668-BE54-9A1E7A4F7556}") = "e_Ticaret.IdentityServer", "IdentityServer\e_Ticaret.IdentityServer\e_Ticaret.IdentityServer.csproj", "{708E6012-3E8B-4E97-B0F1-F4E624CA56F3}"
EndProject
Project("{2150E333-8FDC-42A3-9474-1A3956D46DE8}") = "Requirements", "Requirements", "{1FC4CBCD-9385-4C94-91BB-86C383D9A4D6}"
	ProjectSection(SolutionItems) = preProject
		IdentityServerErrorSolution.txt = IdentityServerErrorSolution.txt
		PortainerCmd.txt = PortainerCmd.txt
		PortNumbers.txt = PortNumbers.txt
	EndProjectSection
EndProject
Project("{2150E333-8FDC-42A3-9474-1A3956D46DE8}") = "Cargo", "Cargo", "{FCDCEDD4-1F41-4336-8483-091DBD9571ED}"
EndProject
Project("{9A19103F-16F7-4668-BE54-9A1E7A4F7556}") = "e_Ticaret.Cargo.EntityLayer", "Services\Cargo\e_Ticaret.Cargo.EntityLayer\e_Ticaret.Cargo.EntityLayer.csproj", "{F1593A06-DD86-48B5-A091-84AA692CC63C}"
EndProject
Project("{9A19103F-16F7-4668-BE54-9A1E7A4F7556}") = "e_Ticaret.Cargo.BusinessLayer", "Services\Cargo\e_Ticaret.Cargo.BusinessLayer\e_Ticaret.Cargo.BusinessLayer.csproj", "{606400F7-5944-4659-B9BB-F9AF7DCF6666}"
EndProject
Project("{9A19103F-16F7-4668-BE54-9A1E7A4F7556}") = "e_Ticaret.Cargo.DataAccessLayer", "Services\Cargo\e_Ticaret.Cargo.DataAccessLayer\e_Ticaret.Cargo.DataAccessLayer.csproj", "{E41D1B09-ECBD-44F9-A275-C2792E14DA65}"
EndProject
Project("{9A19103F-16F7-4668-BE54-9A1E7A4F7556}") = "e_Ticaret.Cargo.DtoLayer", "Services\Cargo\e_Ticaret.Cargo.DtoLayer\e_Ticaret.Cargo.DtoLayer.csproj", "{FB12536D-B4A7-4D46-92D1-D8F5FD1B1AF8}"
EndProject
Project("{9A19103F-16F7-4668-BE54-9A1E7A4F7556}") = "e_Ticaret.Cargo.WebApi", "Services\Cargo\e_Ticaret.Cargo.WebApi\e_Ticaret.Cargo.WebApi.csproj", "{99E30F75-D7E5-44D5-BF51-B13A0F153686}"
EndProject
Project("{2150E333-8FDC-42A3-9474-1A3956D46DE8}") = "Basket", "Basket", "{81BA2E17-74D8-4B8F-9723-585DE35C7AD8}"
EndProject
Project("{9A19103F-16F7-4668-BE54-9A1E7A4F7556}") = "e_Ticaret.Basket", "Services\Basket\e_Ticaret.Basket\e_Ticaret.Basket.csproj", "{14FB53F9-C59D-41A2-9E27-C625A71B38B9}"
EndProject
Project("{2150E333-8FDC-42A3-9474-1A3956D46DE8}") = "Frontends", "Frontends", "{EF40115C-CF96-4D2E-913C-8A5C1B28369E}"
EndProject
Project("{9A19103F-16F7-4668-BE54-9A1E7A4F7556}") = "e_Ticaret.WebUI", "Frontends\e_Ticaret.WebUI\e_Ticaret.WebUI.csproj", "{FA4A0938-4933-417B-8603-CFDD5296EDC5}"
EndProject
Project("{FAE04EC0-301F-11D3-BF4B-00C04F79EFBC}") = "e_Ticaret.WebUIDtos", "Frontends\e_Ticaret.WebUIDtos\e_Ticaret.WebUIDtos.csproj", "{42DB6EB6-4F77-43D0-AFB2-3599AAC12103}"
EndProject
Global
	GlobalSection(SolutionConfigurationPlatforms) = preSolution
		Debug|Any CPU = Debug|Any CPU
		Release|Any CPU = Release|Any CPU
	EndGlobalSection
	GlobalSection(ProjectConfigurationPlatforms) = postSolution
		{70D7D151-8532-4956-8C55-5CC6D348A3BB}.Debug|Any CPU.ActiveCfg = Debug|Any CPU
		{70D7D151-8532-4956-8C55-5CC6D348A3BB}.Debug|Any CPU.Build.0 = Debug|Any CPU
		{70D7D151-8532-4956-8C55-5CC6D348A3BB}.Release|Any CPU.ActiveCfg = Release|Any CPU
		{70D7D151-8532-4956-8C55-5CC6D348A3BB}.Release|Any CPU.Build.0 = Release|Any CPU
		{A53B98B2-9949-48D9-8244-EC372A8EB494}.Debug|Any CPU.ActiveCfg = Debug|Any CPU
		{A53B98B2-9949-48D9-8244-EC372A8EB494}.Debug|Any CPU.Build.0 = Debug|Any CPU
		{A53B98B2-9949-48D9-8244-EC372A8EB494}.Release|Any CPU.ActiveCfg = Release|Any CPU
		{A53B98B2-9949-48D9-8244-EC372A8EB494}.Release|Any CPU.Build.0 = Release|Any CPU
		{EFC2ADF6-9550-45AE-B560-BA5AD791FFC8}.Debug|Any CPU.ActiveCfg = Debug|Any CPU
		{EFC2ADF6-9550-45AE-B560-BA5AD791FFC8}.Debug|Any CPU.Build.0 = Debug|Any CPU
		{EFC2ADF6-9550-45AE-B560-BA5AD791FFC8}.Release|Any CPU.ActiveCfg = Release|Any CPU
		{EFC2ADF6-9550-45AE-B560-BA5AD791FFC8}.Release|Any CPU.Build.0 = Release|Any CPU
		{0B4B26FC-9440-4555-AC7F-269F3FF87D06}.Debug|Any CPU.ActiveCfg = Debug|Any CPU
		{0B4B26FC-9440-4555-AC7F-269F3FF87D06}.Debug|Any CPU.Build.0 = Debug|Any CPU
		{0B4B26FC-9440-4555-AC7F-269F3FF87D06}.Release|Any CPU.ActiveCfg = Release|Any CPU
		{0B4B26FC-9440-4555-AC7F-269F3FF87D06}.Release|Any CPU.Build.0 = Release|Any CPU
		{60F18237-DA62-4BA4-9B3A-4E31E81E1972}.Debug|Any CPU.ActiveCfg = Debug|Any CPU
		{60F18237-DA62-4BA4-9B3A-4E31E81E1972}.Debug|Any CPU.Build.0 = Debug|Any CPU
		{60F18237-DA62-4BA4-9B3A-4E31E81E1972}.Release|Any CPU.ActiveCfg = Release|Any CPU
		{60F18237-DA62-4BA4-9B3A-4E31E81E1972}.Release|Any CPU.Build.0 = Release|Any CPU
		{FD3068E4-8368-4F21-A2DF-150A3C587DBB}.Debug|Any CPU.ActiveCfg = Debug|Any CPU
		{FD3068E4-8368-4F21-A2DF-150A3C587DBB}.Debug|Any CPU.Build.0 = Debug|Any CPU
		{FD3068E4-8368-4F21-A2DF-150A3C587DBB}.Release|Any CPU.ActiveCfg = Release|Any CPU
		{FD3068E4-8368-4F21-A2DF-150A3C587DBB}.Release|Any CPU.Build.0 = Release|Any CPU
		{708E6012-3E8B-4E97-B0F1-F4E624CA56F3}.Debug|Any CPU.ActiveCfg = Debug|Any CPU
		{708E6012-3E8B-4E97-B0F1-F4E624CA56F3}.Debug|Any CPU.Build.0 = Debug|Any CPU
		{708E6012-3E8B-4E97-B0F1-F4E624CA56F3}.Release|Any CPU.ActiveCfg = Release|Any CPU
		{708E6012-3E8B-4E97-B0F1-F4E624CA56F3}.Release|Any CPU.Build.0 = Release|Any CPU
		{F1593A06-DD86-48B5-A091-84AA692CC63C}.Debug|Any CPU.ActiveCfg = Debug|Any CPU
		{F1593A06-DD86-48B5-A091-84AA692CC63C}.Debug|Any CPU.Build.0 = Debug|Any CPU
		{F1593A06-DD86-48B5-A091-84AA692CC63C}.Release|Any CPU.ActiveCfg = Release|Any CPU
		{F1593A06-DD86-48B5-A091-84AA692CC63C}.Release|Any CPU.Build.0 = Release|Any CPU
		{606400F7-5944-4659-B9BB-F9AF7DCF6666}.Debug|Any CPU.ActiveCfg = Debug|Any CPU
		{606400F7-5944-4659-B9BB-F9AF7DCF6666}.Debug|Any CPU.Build.0 = Debug|Any CPU
		{606400F7-5944-4659-B9BB-F9AF7DCF6666}.Release|Any CPU.ActiveCfg = Release|Any CPU
		{606400F7-5944-4659-B9BB-F9AF7DCF6666}.Release|Any CPU.Build.0 = Release|Any CPU
		{E41D1B09-ECBD-44F9-A275-C2792E14DA65}.Debug|Any CPU.ActiveCfg = Debug|Any CPU
		{E41D1B09-ECBD-44F9-A275-C2792E14DA65}.Debug|Any CPU.Build.0 = Debug|Any CPU
		{E41D1B09-ECBD-44F9-A275-C2792E14DA65}.Release|Any CPU.ActiveCfg = Release|Any CPU
		{E41D1B09-ECBD-44F9-A275-C2792E14DA65}.Release|Any CPU.Build.0 = Release|Any CPU
		{FB12536D-B4A7-4D46-92D1-D8F5FD1B1AF8}.Debug|Any CPU.ActiveCfg = Debug|Any CPU
		{FB12536D-B4A7-4D46-92D1-D8F5FD1B1AF8}.Debug|Any CPU.Build.0 = Debug|Any CPU
		{FB12536D-B4A7-4D46-92D1-D8F5FD1B1AF8}.Release|Any CPU.ActiveCfg = Release|Any CPU
		{FB12536D-B4A7-4D46-92D1-D8F5FD1B1AF8}.Release|Any CPU.Build.0 = Release|Any CPU
		{99E30F75-D7E5-44D5-BF51-B13A0F153686}.Debug|Any CPU.ActiveCfg = Debug|Any CPU
		{99E30F75-D7E5-44D5-BF51-B13A0F153686}.Debug|Any CPU.Build.0 = Debug|Any CPU
		{99E30F75-D7E5-44D5-BF51-B13A0F153686}.Release|Any CPU.ActiveCfg = Release|Any CPU
		{99E30F75-D7E5-44D5-BF51-B13A0F153686}.Release|Any CPU.Build.0 = Release|Any CPU
		{14FB53F9-C59D-41A2-9E27-C625A71B38B9}.Debug|Any CPU.ActiveCfg = Debug|Any CPU
		{14FB53F9-C59D-41A2-9E27-C625A71B38B9}.Debug|Any CPU.Build.0 = Debug|Any CPU
		{14FB53F9-C59D-41A2-9E27-C625A71B38B9}.Release|Any CPU.ActiveCfg = Release|Any CPU
		{14FB53F9-C59D-41A2-9E27-C625A71B38B9}.Release|Any CPU.Build.0 = Release|Any CPU
		{FA4A0938-4933-417B-8603-CFDD5296EDC5}.Debug|Any CPU.ActiveCfg = Debug|Any CPU
		{FA4A0938-4933-417B-8603-CFDD5296EDC5}.Debug|Any CPU.Build.0 = Debug|Any CPU
		{FA4A0938-4933-417B-8603-CFDD5296EDC5}.Release|Any CPU.ActiveCfg = Release|Any CPU
		{FA4A0938-4933-417B-8603-CFDD5296EDC5}.Release|Any CPU.Build.0 = Release|Any CPU
		{42DB6EB6-4F77-43D0-AFB2-3599AAC12103}.Debug|Any CPU.ActiveCfg = Debug|Any CPU
		{42DB6EB6-4F77-43D0-AFB2-3599AAC12103}.Debug|Any CPU.Build.0 = Debug|Any CPU
		{42DB6EB6-4F77-43D0-AFB2-3599AAC12103}.Release|Any CPU.ActiveCfg = Release|Any CPU
		{42DB6EB6-4F77-43D0-AFB2-3599AAC12103}.Release|Any CPU.Build.0 = Release|Any CPU
	EndGlobalSection
	GlobalSection(SolutionProperties) = preSolution
		HideSolutionNode = FALSE
	EndGlobalSection
	GlobalSection(NestedProjects) = preSolution
		{27764907-E07D-4FA9-86E9-E8D9687A032A} = {0ECEDC68-896E-4019-8D94-84E06687B3CF}
		{70D7D151-8532-4956-8C55-5CC6D348A3BB} = {27764907-E07D-4FA9-86E9-E8D9687A032A}
		{2F261C46-7DD1-4A2F-9C5A-6BD81F2C0F6F} = {0ECEDC68-896E-4019-8D94-84E06687B3CF}
		{A53B98B2-9949-48D9-8244-EC372A8EB494} = {2F261C46-7DD1-4A2F-9C5A-6BD81F2C0F6F}
		{B3345583-4AC2-40C9-BA27-1D995F6134A4} = {0ECEDC68-896E-4019-8D94-84E06687B3CF}
		{1ECBA2C4-8527-4E21-B4CD-9725E5E95EDE} = {B3345583-4AC2-40C9-BA27-1D995F6134A4}
		{EDFDA004-65C3-4A2D-892F-D4351BFD128F} = {B3345583-4AC2-40C9-BA27-1D995F6134A4}
		{9404E55E-FDA1-4EF1-A357-1EFB47C7B59A} = {B3345583-4AC2-40C9-BA27-1D995F6134A4}
		{EFC2ADF6-9550-45AE-B560-BA5AD791FFC8} = {1ECBA2C4-8527-4E21-B4CD-9725E5E95EDE}
		{0B4B26FC-9440-4555-AC7F-269F3FF87D06} = {1ECBA2C4-8527-4E21-B4CD-9725E5E95EDE}
		{60F18237-DA62-4BA4-9B3A-4E31E81E1972} = {EDFDA004-65C3-4A2D-892F-D4351BFD128F}
		{FD3068E4-8368-4F21-A2DF-150A3C587DBB} = {9404E55E-FDA1-4EF1-A357-1EFB47C7B59A}
		{708E6012-3E8B-4E97-B0F1-F4E624CA56F3} = {52DD9F6D-5D36-428A-9B5F-15F0B21F20E1}
		{FCDCEDD4-1F41-4336-8483-091DBD9571ED} = {0ECEDC68-896E-4019-8D94-84E06687B3CF}
		{F1593A06-DD86-48B5-A091-84AA692CC63C} = {FCDCEDD4-1F41-4336-8483-091DBD9571ED}
		{606400F7-5944-4659-B9BB-F9AF7DCF6666} = {FCDCEDD4-1F41-4336-8483-091DBD9571ED}
		{E41D1B09-ECBD-44F9-A275-C2792E14DA65} = {FCDCEDD4-1F41-4336-8483-091DBD9571ED}
		{FB12536D-B4A7-4D46-92D1-D8F5FD1B1AF8} = {FCDCEDD4-1F41-4336-8483-091DBD9571ED}
		{99E30F75-D7E5-44D5-BF51-B13A0F153686} = {FCDCEDD4-1F41-4336-8483-091DBD9571ED}
		{81BA2E17-74D8-4B8F-9723-585DE35C7AD8} = {0ECEDC68-896E-4019-8D94-84E06687B3CF}
		{14FB53F9-C59D-41A2-9E27-C625A71B38B9} = {81BA2E17-74D8-4B8F-9723-585DE35C7AD8}
		{FA4A0938-4933-417B-8603-CFDD5296EDC5} = {EF40115C-CF96-4D2E-913C-8A5C1B28369E}
		{42DB6EB6-4F77-43D0-AFB2-3599AAC12103} = {EF40115C-CF96-4D2E-913C-8A5C1B28369E}
	EndGlobalSection
	GlobalSection(ExtensibilityGlobals) = postSolution
		SolutionGuid = {C43193CF-3F29-4995-9148-4138B0A5CC55}
	EndGlobalSection
EndGlobal
