
Microsoft Visual Studio Solution File, Format Version 12.00
# Visual Studio Version 17
VisualStudioVersion = 17.0.31903.59
MinimumVisualStudioVersion = 10.0.40219.1
Project("{2150E333-8FDC-42A3-9474-1A3956D46DE8}") = "Services", "Services", "{0ECEDC68-896E-4019-8D94-84E06687B3CF}"
EndProject
Project("{2150E333-8FDC-42A3-9474-1A3956D46DE8}") = "Catalog", "Catalog", "{27764907-E07D-4FA9-86E9-E8D9687A032A}"
EndProject
Project("{9A19103F-16F7-4668-BE54-9A1E7A4F7556}") = "e_Ticaret.Catalog", "Services\Catalog\e_Ticaret.Catalog\e_Ticaret.Catalog.csproj", "{70D7D151-8532-4956-8C55-5CC6D348A3BB}"
EndProject
Project("{2150E333-8FDC-42A3-9474-1A3956D46DE8}") = "Discount", "Discount", "{2F261C46-7DD1-4A2F-9C5A-6BD81F2C0F6F}"
EndProject
Project("{FAE04EC0-301F-11D3-BF4B-00C04F79EFBC}") = "e_Ticaret.Discount", "Services\Discount\e_Ticaret.Discount\e_Ticaret.Discount.csproj", "{A53B98B2-9949-48D9-8244-EC372A8EB494}"
EndProject
Global
	GlobalSection(SolutionConfigurationPlatforms) = preSolution
		Debug|Any CPU = Debug|Any CPU
		Release|Any CPU = Release|Any CPU
	EndGlobalSection
	GlobalSection(ProjectConfigurationPlatforms) = postSolution
		{70D7D151-8532-4956-8C55-5CC6D348A3BB}.Debug|Any CPU.ActiveCfg = Debug|Any CPU
		{70D7D151-8532-4956-8C55-5CC6D348A3BB}.Debug|Any CPU.Build.0 = Debug|Any CPU
		{70D7D151-8532-4956-8C55-5CC6D348A3BB}.Release|Any CPU.ActiveCfg = Release|Any CPU
		{70D7D151-8532-4956-8C55-5CC6D348A3BB}.Release|Any CPU.Build.0 = Release|Any CPU
		{A53B98B2-9949-48D9-8244-EC372A8EB494}.Debug|Any CPU.ActiveCfg = Debug|Any CPU
		{A53B98B2-9949-48D9-8244-EC372A8EB494}.Debug|Any CPU.Build.0 = Debug|Any CPU
		{A53B98B2-9949-48D9-8244-EC372A8EB494}.Release|Any CPU.ActiveCfg = Release|Any CPU
		{A53B98B2-9949-48D9-8244-EC372A8EB494}.Release|Any CPU.Build.0 = Release|Any CPU
	EndGlobalSection
	GlobalSection(SolutionProperties) = preSolution
		HideSolutionNode = FALSE
	EndGlobalSection
	GlobalSection(NestedProjects) = preSolution
		{27764907-E07D-4FA9-86E9-E8D9687A032A} = {0ECEDC68-896E-4019-8D94-84E06687B3CF}
		{70D7D151-8532-4956-8C55-5CC6D348A3BB} = {27764907-E07D-4FA9-86E9-E8D9687A032A}
		{2F261C46-7DD1-4A2F-9C5A-6BD81F2C0F6F} = {0ECEDC68-896E-4019-8D94-84E06687B3CF}
		{A53B98B2-9949-48D9-8244-EC372A8EB494} = {2F261C46-7DD1-4A2F-9C5A-6BD81F2C0F6F}
	EndGlobalSection
	GlobalSection(ExtensibilityGlobals) = postSolution
		SolutionGuid = {C43193CF-3F29-4995-9148-4138B0A5CC55}
	EndGlobalSection
EndGlobal
